name: Convert Hosts to Adblock

on:
  push:
    paths:
      - '**/conversion.yaml'
      - '**/convert_hosts_to_adblock.py'
      - '**/hosts'
      - '**/hosts.txt'
  workflow_dispatch:

jobs:
  convert:
    runs-on: ubuntu-latest
    steps:
      - uses: actions/checkout@v4

      - name: Set up Python
        uses: actions/setup-python@v4
        with:
          python-version: '3.11'

      - name: Install dependencies
        run: python -m pip install --upgrade pip pyyaml

      - name: Show repo files (debug)
        run: |
          echo "PWD: $(pwd)"
          ls -la

      - name: Run converter (verbose, fail if missing)
        shell: bash
        run: |
          set -euo pipefail
          # accept either hosts or hosts.txt
          if [ -f hosts ]; then
            HOSTS_FILE=hosts
          elif [ -f hosts.txt ]; then
            HOSTS_FILE=hosts.txt
          else
            echo "ERROR: hosts file not found (checked 'hosts' and 'hosts.txt')" >&2
            exit 2
          fi
          CFG_FILE=conversion.yaml
          if [ ! -f "$CFG_FILE" ]; then
            echo "ERROR: config file not found at '$CFG_FILE'" >&2
            exit 2
          fi
          echo "Using hosts file: $HOSTS_FILE"
          echo "Running converter: python convert_hosts_to_adblock.py $HOSTS_FILE $CFG_FILE"
          python -u convert_hosts_to_adblock.py "$HOSTS_FILE" "$CFG_FILE" > adblock.txt
          echo "Converter exit: $?"
          echo "adblock.txt (first 50 lines):"
          head -n 50 adblock.txt

      - name: Upload adblock as artifact
        uses: actions/upload-artifact@v4
        with:
          name: adblock-list
          path: adblock.txt
