# hosts-to-adblock.yml (fixed quoting)
input:
  path: "/etc/hosts"
  comment_prefixes: ["#", ";"]
  allow_inline_comments: true

parsing:
  line_regex: '^\\s*([0-9]+\\.[0-9]+\\.[0-9]+\\.[0-9]+)\\s+(.+)$'
  hostname_split: '\\s+'
  hostname_trim_chars: ".,;:()[]\"'"

skip_if:
  ips: ["127.0.0.1", "0.0.0.0", "::1"]
  ip_ranges: ["10.0.0.0/8", "172.16.0.0/12", "192.168.0.0/16"]
  host_patterns: ["localhost", "*.local", "*.lan"]

normalize:
  lowercase: true
  remove_leading_wildcard: true

filter_output:
  format: "adblock"
  adblock:
    prefix: "||"
    suffix: "^"
    dedupe: true
    include_source_comment: false

post_filters:
  hostname_valid_regex: '^[a-z0-9\-\.]{1,253}$'
  remove_single_label: true

output:
  path: "./adblock_list.txt"
  header:
    - "! Converted from hosts file"
    - "! Generated: 2026-05-15"
  footer: []

jobs:
  - id: "convert-now"
    name: "One-off conversion"
    enabled: true
    trigger:
      type: "manual"
    actions:
      - type: "convert"
        input_path: "/etc/hosts"
        output_path: "./adblock_list.txt"
        overwrite: true

  - id: "daily-convert"
    name: "Daily conversion at 03:00"
    enabled: true
    trigger:
      type: "cron"
      schedule: "0 3 * * *"
      timezone: "UTC"
    actions:
      - type: "convert"
        input_path: "/etc/hosts"
        output_path: "./adblock_list.txt"
        overwrite: true
        rotate_backup: 7

  - id: "watch-file"
    name: "Watch hosts file (on-change)"
    enabled: false
    trigger:
      type: "file-watch"
      path: "/etc/hosts"
      debounce_seconds: 10
    actions:
      - type: "convert"
        input_path: "/etc/hosts"
        output_path: "./adblock_list.txt"
        overwrite: true
